
Microsoft Visual Studio Solution File, Format Version 12.00
# Visual Studio Version 17
VisualStudioVersion = 17.7.34018.315
MinimumVisualStudioVersion = 10.0.40219.1
Project("{8BC9CEB8-8B4A-11D0-8D11-00A0C91BC942}") = "ProjectD_Server", "ProjectD_Server\ProjectD_Server.vcxproj", "{5B605442-8596-4B19-BA1C-A5B315ECBFA6}"
EndProject
Project("{8BC9CEB8-8B4A-11D0-8D11-00A0C91BC942}") = "DummyClient", "DummyClient\DummyClient.vcxproj", "{9DB12716-91EC-4921-9E2D-4DD9F95508F5}"
EndProject
Project("{8BC9CEB8-8B4A-11D0-8D11-00A0C91BC942}") = "ServerCore", "ServerCore\ServerCore.vcxproj", "{D590CD1E-250A-44C9-BAE6-67DD3300BCFC}"
EndProject
Project("{2150E333-8FDC-42A3-9474-1A3956D46DE8}") = "Tools", "Tools", "{7829266F-24EF-4FBC-8040-67957A1C19EF}"
EndProject
Project("{888888A0-9F3D-457C-B088-3A5042F75D52}") = "PacketGenerator", "Tools\PacketGenerator\PacketGenerator.pyproj", "{0BD2C075-7C57-401E-A2AE-79F6658D6FFE}"
EndProject
Global
	GlobalSection(SolutionConfigurationPlatforms) = preSolution
		Debug|Any CPU = Debug|Any CPU
		Debug|x64 = Debug|x64
		Debug|x86 = Debug|x86
		Release|Any CPU = Release|Any CPU
		Release|x64 = Release|x64
		Release|x86 = Release|x86
	EndGlobalSection
	GlobalSection(ProjectConfigurationPlatforms) = postSolution
		{5B605442-8596-4B19-BA1C-A5B315ECBFA6}.Debug|Any CPU.ActiveCfg = Debug|x64
		{5B605442-8596-4B19-BA1C-A5B315ECBFA6}.Debug|Any CPU.Build.0 = Debug|x64
		{5B605442-8596-4B19-BA1C-A5B315ECBFA6}.Debug|x64.ActiveCfg = Debug|x64
		{5B605442-8596-4B19-BA1C-A5B315ECBFA6}.Debug|x64.Build.0 = Debug|x64
		{5B605442-8596-4B19-BA1C-A5B315ECBFA6}.Debug|x86.ActiveCfg = Debug|Win32
		{5B605442-8596-4B19-BA1C-A5B315ECBFA6}.Debug|x86.Build.0 = Debug|Win32
		{5B605442-8596-4B19-BA1C-A5B315ECBFA6}.Release|Any CPU.ActiveCfg = Release|x64
		{5B605442-8596-4B19-BA1C-A5B315ECBFA6}.Release|Any CPU.Build.0 = Release|x64
		{5B605442-8596-4B19-BA1C-A5B315ECBFA6}.Release|x64.ActiveCfg = Release|x64
		{5B605442-8596-4B19-BA1C-A5B315ECBFA6}.Release|x64.Build.0 = Release|x64
		{5B605442-8596-4B19-BA1C-A5B315ECBFA6}.Release|x86.ActiveCfg = Release|Win32
		{5B605442-8596-4B19-BA1C-A5B315ECBFA6}.Release|x86.Build.0 = Release|Win32
		{9DB12716-91EC-4921-9E2D-4DD9F95508F5}.Debug|Any CPU.ActiveCfg = Debug|x64
		{9DB12716-91EC-4921-9E2D-4DD9F95508F5}.Debug|Any CPU.Build.0 = Debug|x64
		{9DB12716-91EC-4921-9E2D-4DD9F95508F5}.Debug|x64.ActiveCfg = Debug|x64
		{9DB12716-91EC-4921-9E2D-4DD9F95508F5}.Debug|x64.Build.0 = Debug|x64
		{9DB12716-91EC-4921-9E2D-4DD9F95508F5}.Debug|x86.ActiveCfg = Debug|Win32
		{9DB12716-91EC-4921-9E2D-4DD9F95508F5}.Debug|x86.Build.0 = Debug|Win32
		{9DB12716-91EC-4921-9E2D-4DD9F95508F5}.Release|Any CPU.ActiveCfg = Release|x64
		{9DB12716-91EC-4921-9E2D-4DD9F95508F5}.Release|Any CPU.Build.0 = Release|x64
		{9DB12716-91EC-4921-9E2D-4DD9F95508F5}.Release|x64.ActiveCfg = Release|x64
		{9DB12716-91EC-4921-9E2D-4DD9F95508F5}.Release|x64.Build.0 = Release|x64
		{9DB12716-91EC-4921-9E2D-4DD9F95508F5}.Release|x86.ActiveCfg = Release|Win32
		{9DB12716-91EC-4921-9E2D-4DD9F95508F5}.Release|x86.Build.0 = Release|Win32
		{D590CD1E-250A-44C9-BAE6-67DD3300BCFC}.Debug|Any CPU.ActiveCfg = Debug|x64
		{D590CD1E-250A-44C9-BAE6-67DD3300BCFC}.Debug|Any CPU.Build.0 = Debug|x64
		{D590CD1E-250A-44C9-BAE6-67DD3300BCFC}.Debug|x64.ActiveCfg = Debug|x64
		{D590CD1E-250A-44C9-BAE6-67DD3300BCFC}.Debug|x64.Build.0 = Debug|x64
		{D590CD1E-250A-44C9-BAE6-67DD3300BCFC}.Debug|x86.ActiveCfg = Debug|Win32
		{D590CD1E-250A-44C9-BAE6-67DD3300BCFC}.Debug|x86.Build.0 = Debug|Win32
		{D590CD1E-250A-44C9-BAE6-67DD3300BCFC}.Release|Any CPU.ActiveCfg = Release|x64
		{D590CD1E-250A-44C9-BAE6-67DD3300BCFC}.Release|Any CPU.Build.0 = Release|x64
		{D590CD1E-250A-44C9-BAE6-67DD3300BCFC}.Release|x64.ActiveCfg = Release|x64
		{D590CD1E-250A-44C9-BAE6-67DD3300BCFC}.Release|x64.Build.0 = Release|x64
		{D590CD1E-250A-44C9-BAE6-67DD3300BCFC}.Release|x86.ActiveCfg = Release|Win32
		{D590CD1E-250A-44C9-BAE6-67DD3300BCFC}.Release|x86.Build.0 = Release|Win32
		{0BD2C075-7C57-401E-A2AE-79F6658D6FFE}.Debug|Any CPU.ActiveCfg = Debug|Any CPU
		{0BD2C075-7C57-401E-A2AE-79F6658D6FFE}.Debug|x64.ActiveCfg = Debug|Any CPU
		{0BD2C075-7C57-401E-A2AE-79F6658D6FFE}.Debug|x86.ActiveCfg = Debug|Any CPU
		{0BD2C075-7C57-401E-A2AE-79F6658D6FFE}.Release|Any CPU.ActiveCfg = Release|Any CPU
		{0BD2C075-7C57-401E-A2AE-79F6658D6FFE}.Release|x64.ActiveCfg = Release|Any CPU
		{0BD2C075-7C57-401E-A2AE-79F6658D6FFE}.Release|x86.ActiveCfg = Release|Any CPU
	EndGlobalSection
	GlobalSection(SolutionProperties) = preSolution
		HideSolutionNode = FALSE
	EndGlobalSection
	GlobalSection(NestedProjects) = preSolution
		{0BD2C075-7C57-401E-A2AE-79F6658D6FFE} = {7829266F-24EF-4FBC-8040-67957A1C19EF}
	EndGlobalSection
	GlobalSection(ExtensibilityGlobals) = postSolution
		SolutionGuid = {4032A669-5985-4C9E-8FF8-8FF864137B7A}
	EndGlobalSection
EndGlobal
