
Microsoft Visual Studio Solution File, Format Version 12.00
# Visual Studio Version 17
VisualStudioVersion = 17.7.34018.315
MinimumVisualStudioVersion = 10.0.40219.1
Project("{8BC9CEB8-8B4A-11D0-8D11-00A0C91BC942}") = "ProjectD_Server", "ProjectD_Server\ProjectD_Server.vcxproj", "{5B605442-8596-4B19-BA1C-A5B315ECBFA6}"
EndProject
Project("{8BC9CEB8-8B4A-11D0-8D11-00A0C91BC942}") = "DummyClient", "DummyClient\DummyClient.vcxproj", "{9DB12716-91EC-4921-9E2D-4DD9F95508F5}"
EndProject
Project("{8BC9CEB8-8B4A-11D0-8D11-00A0C91BC942}") = "ServerCore", "ServerCore\ServerCore.vcxproj", "{D590CD1E-250A-44C9-BAE6-67DD3300BCFC}"
EndProject
Global
	GlobalSection(SolutionConfigurationPlatforms) = preSolution
		Debug|x64 = Debug|x64
		Debug|x86 = Debug|x86
		Release|x64 = Release|x64
		Release|x86 = Release|x86
	EndGlobalSection
	GlobalSection(ProjectConfigurationPlatforms) = postSolution
		{5B605442-8596-4B19-BA1C-A5B315ECBFA6}.Debug|x64.ActiveCfg = Debug|x64
		{5B605442-8596-4B19-BA1C-A5B315ECBFA6}.Debug|x64.Build.0 = Debug|x64
		{5B605442-8596-4B19-BA1C-A5B315ECBFA6}.Debug|x86.ActiveCfg = Debug|Win32
		{5B605442-8596-4B19-BA1C-A5B315ECBFA6}.Debug|x86.Build.0 = Debug|Win32
		{5B605442-8596-4B19-BA1C-A5B315ECBFA6}.Release|x64.ActiveCfg = Release|x64
		{5B605442-8596-4B19-BA1C-A5B315ECBFA6}.Release|x64.Build.0 = Release|x64
		{5B605442-8596-4B19-BA1C-A5B315ECBFA6}.Release|x86.ActiveCfg = Release|Win32
		{5B605442-8596-4B19-BA1C-A5B315ECBFA6}.Release|x86.Build.0 = Release|Win32
		{9DB12716-91EC-4921-9E2D-4DD9F95508F5}.Debug|x64.ActiveCfg = Debug|x64
		{9DB12716-91EC-4921-9E2D-4DD9F95508F5}.Debug|x64.Build.0 = Debug|x64
		{9DB12716-91EC-4921-9E2D-4DD9F95508F5}.Debug|x86.ActiveCfg = Debug|Win32
		{9DB12716-91EC-4921-9E2D-4DD9F95508F5}.Debug|x86.Build.0 = Debug|Win32
		{9DB12716-91EC-4921-9E2D-4DD9F95508F5}.Release|x64.ActiveCfg = Release|x64
		{9DB12716-91EC-4921-9E2D-4DD9F95508F5}.Release|x64.Build.0 = Release|x64
		{9DB12716-91EC-4921-9E2D-4DD9F95508F5}.Release|x86.ActiveCfg = Release|Win32
		{9DB12716-91EC-4921-9E2D-4DD9F95508F5}.Release|x86.Build.0 = Release|Win32
		{D590CD1E-250A-44C9-BAE6-67DD3300BCFC}.Debug|x64.ActiveCfg = Debug|x64
		{D590CD1E-250A-44C9-BAE6-67DD3300BCFC}.Debug|x64.Build.0 = Debug|x64
		{D590CD1E-250A-44C9-BAE6-67DD3300BCFC}.Debug|x86.ActiveCfg = Debug|Win32
		{D590CD1E-250A-44C9-BAE6-67DD3300BCFC}.Debug|x86.Build.0 = Debug|Win32
		{D590CD1E-250A-44C9-BAE6-67DD3300BCFC}.Release|x64.ActiveCfg = Release|x64
		{D590CD1E-250A-44C9-BAE6-67DD3300BCFC}.Release|x64.Build.0 = Release|x64
		{D590CD1E-250A-44C9-BAE6-67DD3300BCFC}.Release|x86.ActiveCfg = Release|Win32
		{D590CD1E-250A-44C9-BAE6-67DD3300BCFC}.Release|x86.Build.0 = Release|Win32
	EndGlobalSection
	GlobalSection(SolutionProperties) = preSolution
		HideSolutionNode = FALSE
	EndGlobalSection
	GlobalSection(ExtensibilityGlobals) = postSolution
		SolutionGuid = {4032A669-5985-4C9E-8FF8-8FF864137B7A}
	EndGlobalSection
EndGlobal
